
Microsoft Visual Studio Solution File, Format Version 12.00
# Visual Studio Version 17
VisualStudioVersion = 17.10.35013.160
MinimumVisualStudioVersion = 10.0.40219.1
Project("{FAE04EC0-301F-11D3-BF4B-00C04F79EFBC}") = "データ構造及びアルゴリズム", "データ構造及びアルゴリズム\データ構造及びアルゴリズム.csproj", "{9AE39DFB-2569-4EDD-A7A0-20D3380327F2}"
EndProject
Global
	GlobalSection(SolutionConfigurationPlatforms) = preSolution
		Debug|Any CPU = Debug|Any CPU
		Release|Any CPU = Release|Any CPU
	EndGlobalSection
	GlobalSection(ProjectConfigurationPlatforms) = postSolution
		{9AE39DFB-2569-4EDD-A7A0-20D3380327F2}.Debug|Any CPU.ActiveCfg = Debug|Any CPU
		{9AE39DFB-2569-4EDD-A7A0-20D3380327F2}.Debug|Any CPU.Build.0 = Debug|Any CPU
		{9AE39DFB-2569-4EDD-A7A0-20D3380327F2}.Release|Any CPU.ActiveCfg = Release|Any CPU
		{9AE39DFB-2569-4EDD-A7A0-20D3380327F2}.Release|Any CPU.Build.0 = Release|Any CPU
	EndGlobalSection
	GlobalSection(SolutionProperties) = preSolution
		HideSolutionNode = FALSE
	EndGlobalSection
	GlobalSection(ExtensibilityGlobals) = postSolution
		SolutionGuid = {4A2C2A63-5C6B-4634-BAAE-D884C720B19A}
	EndGlobalSection
EndGlobal
